
Microsoft Visual Studio Solution File, Format Version 12.00
# Visual Studio Version 16
VisualStudioVersion = 16.0.31005.135
MinimumVisualStudioVersion = 10.0.40219.1
Project("{FAE04EC0-301F-11D3-BF4B-00C04F79EFBC}") = "PRUEBA", "PRUEBA.csproj", "{F612EC49-3873-4FA2-9A7D-22B930916158}"
EndProject
Global
	GlobalSection(SolutionConfigurationPlatforms) = preSolution
		Debug|Any CPU = Debug|Any CPU
		Release|Any CPU = Release|Any CPU
	EndGlobalSection
	GlobalSection(ProjectConfigurationPlatforms) = postSolution
		{F612EC49-3873-4FA2-9A7D-22B930916158}.Debug|Any CPU.ActiveCfg = Debug|Any CPU
		{F612EC49-3873-4FA2-9A7D-22B930916158}.Debug|Any CPU.Build.0 = Debug|Any CPU
		{F612EC49-3873-4FA2-9A7D-22B930916158}.Release|Any CPU.ActiveCfg = Release|Any CPU
		{F612EC49-3873-4FA2-9A7D-22B930916158}.Release|Any CPU.Build.0 = Release|Any CPU
	EndGlobalSection
	GlobalSection(SolutionProperties) = preSolution
		HideSolutionNode = FALSE
	EndGlobalSection
	GlobalSection(ExtensibilityGlobals) = postSolution
		SolutionGuid = {891C2AB7-F765-4C70-AC31-876E470F6D22}
	EndGlobalSection
EndGlobal
